
Microsoft Visual Studio Solution File, Format Version 12.00
# Visual Studio Version 17
VisualStudioVersion = 17.3.32901.215
MinimumVisualStudioVersion = 10.0.40219.1
Project("{FAE04EC0-301F-11D3-BF4B-00C04F79EFBC}") = "ProductQualityManager", "ProductQualityManager\ProductQualityManager.csproj", "{19B8F78C-9EFC-43E1-8B9D-D85FA32AB7EF}"
EndProject
Global
	GlobalSection(SolutionConfigurationPlatforms) = preSolution
		Debug|Any CPU = Debug|Any CPU
		Release|Any CPU = Release|Any CPU
	EndGlobalSection
	GlobalSection(ProjectConfigurationPlatforms) = postSolution
		{19B8F78C-9EFC-43E1-8B9D-D85FA32AB7EF}.Debug|Any CPU.ActiveCfg = Debug|Any CPU
		{19B8F78C-9EFC-43E1-8B9D-D85FA32AB7EF}.Debug|Any CPU.Build.0 = Debug|Any CPU
		{19B8F78C-9EFC-43E1-8B9D-D85FA32AB7EF}.Release|Any CPU.ActiveCfg = Release|Any CPU
		{19B8F78C-9EFC-43E1-8B9D-D85FA32AB7EF}.Release|Any CPU.Build.0 = Release|Any CPU
	EndGlobalSection
	GlobalSection(SolutionProperties) = preSolution
		HideSolutionNode = FALSE
	EndGlobalSection
	GlobalSection(ExtensibilityGlobals) = postSolution
		SolutionGuid = {7FF16E92-B953-4C32-9C10-54C3B6B06E04}
	EndGlobalSection
EndGlobal
